{
  "name": "erc721p2p",
  "version": "1.1.1",
  "lockfileVersion": 2,
  "requires": true,
  "packages": {
    "": {
      "name": "erc721p2p",
      "version": "1.1.1",
      "license": "MIT",
      "devDependencies": {
        "@openzeppelin/contracts": "^4.8.0",
        "erc721a": "^4.2.3"
      }
    },
    "node_modules/@openzeppelin/contracts": {
      "version": "4.8.2",
      "resolved": "https://registry.npmjs.org/@openzeppelin/contracts/-/contracts-4.8.2.tgz",
      "integrity": "sha512-kEUOgPQszC0fSYWpbh2kT94ltOJwj1qfT2DWo+zVttmGmf97JZ99LspePNaeeaLhCImaHVeBbjaQFZQn7+Zc5g==",
      "dev": true
    },
    "node_modules/erc721a": {
      "version": "4.2.3",
      "resolved": "https://registry.npmjs.org/erc721a/-/erc721a-4.2.3.tgz",
      "integrity": "sha512-0deF0hOOK1XI1Vxv3NKDh2E9sgzRlENuOoexjXRJIRfYCsLlqi9ejl2RF6Wcd9HfH0ldqC03wleQ2WDjxoOUvA==",
      "dev": true
    }
  },
  "dependencies": {
    "@openzeppelin/contracts": {
      "version": "4.8.2",
      "resolved": "https://registry.npmjs.org/@openzeppelin/contracts/-/contracts-4.8.2.tgz",
      "integrity": "sha512-kEUOgPQszC0fSYWpbh2kT94ltOJwj1qfT2DWo+zVttmGmf97JZ99LspePNaeeaLhCImaHVeBbjaQFZQn7+Zc5g==",
      "dev": true
    },
    "erc721a": {
      "version": "4.2.3",
      "resolved": "https://registry.npmjs.org/erc721a/-/erc721a-4.2.3.tgz",
      "integrity": "sha512-0deF0hOOK1XI1Vxv3NKDh2E9sgzRlENuOoexjXRJIRfYCsLlqi9ejl2RF6Wcd9HfH0ldqC03wleQ2WDjxoOUvA==",
      "dev": true
    }
  }
}
