{
  "name": "erc721p2p",
  "version": "1.2.1",
  "lockfileVersion": 2,
  "requires": true,
  "packages": {
    "": {
      "name": "erc721p2p",
      "version": "1.2.1",
      "license": "MIT",
      "devDependencies": {
        "@openzeppelin/contracts": "^4.8.3",
        "erc721a": "^4.2.3"
      }
    },
    "node_modules/@openzeppelin/contracts": {
      "version": "4.9.1",
      "resolved": "https://registry.npmjs.org/@openzeppelin/contracts/-/contracts-4.9.1.tgz",
      "integrity": "sha512-aLDTLu/If1qYIFW5g4ZibuQaUsFGWQPBq1mZKp/txaebUnGHDmmiBhRLY1tDNedN0m+fJtKZ1zAODS9Yk+V6uA==",
      "dev": true
    },
    "node_modules/erc721a": {
      "version": "4.2.3",
      "resolved": "https://registry.npmjs.org/erc721a/-/erc721a-4.2.3.tgz",
      "integrity": "sha512-0deF0hOOK1XI1Vxv3NKDh2E9sgzRlENuOoexjXRJIRfYCsLlqi9ejl2RF6Wcd9HfH0ldqC03wleQ2WDjxoOUvA==",
      "dev": true
    }
  },
  "dependencies": {
    "@openzeppelin/contracts": {
      "version": "4.9.1",
      "resolved": "https://registry.npmjs.org/@openzeppelin/contracts/-/contracts-4.9.1.tgz",
      "integrity": "sha512-aLDTLu/If1qYIFW5g4ZibuQaUsFGWQPBq1mZKp/txaebUnGHDmmiBhRLY1tDNedN0m+fJtKZ1zAODS9Yk+V6uA==",
      "dev": true
    },
    "erc721a": {
      "version": "4.2.3",
      "resolved": "https://registry.npmjs.org/erc721a/-/erc721a-4.2.3.tgz",
      "integrity": "sha512-0deF0hOOK1XI1Vxv3NKDh2E9sgzRlENuOoexjXRJIRfYCsLlqi9ejl2RF6Wcd9HfH0ldqC03wleQ2WDjxoOUvA==",
      "dev": true
    }
  }
}
