{
  "name": "fully-on-chain.sol",
  "version": "1.4.0",
  "lockfileVersion": 2,
  "requires": true,
  "packages": {
    "": {
      "name": "fully-on-chain.sol",
      "version": "1.4.0",
      "license": "MIT",
      "dependencies": {
        "@openzeppelin/contracts": "^4.8.3",
        "bytes-array.sol": "^1.0.2",
        "trigonometry.sol": "^1.0.1"
      }
    },
    "node_modules/@openzeppelin/contracts": {
      "version": "4.9.6",
      "resolved": "https://registry.npmjs.org/@openzeppelin/contracts/-/contracts-4.9.6.tgz",
      "integrity": "sha512-xSmezSupL+y9VkHZJGDoCBpmnB2ogM13ccaYDWqJTfS3dbuHkgjuwDFUmaFauBCboQMGB/S5UqUl2y54X99BmA=="
    },
    "node_modules/bytes-array.sol": {
      "version": "1.0.2",
      "resolved": "https://registry.npmjs.org/bytes-array.sol/-/bytes-array.sol-1.0.2.tgz",
      "integrity": "sha512-bxsuMEB9Ofq4gbnFpoBNspiM96hBNxYW1ZQ45++ddwKFxFdLRKn5AJ9ocQJ1w+kipSYobg4MXNEPsUzBNEKGig=="
    },
    "node_modules/trigonometry.sol": {
      "version": "1.0.1",
      "resolved": "https://registry.npmjs.org/trigonometry.sol/-/trigonometry.sol-1.0.1.tgz",
      "integrity": "sha512-9mO/wDOjvhz0BsJCbEeC1FOen1riLuduAWdavUgqq8BK8EPDX9hEVdLzZPhSzrv5lM79omRzymXf3Kp43UeDjg=="
    }
  },
  "dependencies": {
    "@openzeppelin/contracts": {
      "version": "4.9.6",
      "resolved": "https://registry.npmjs.org/@openzeppelin/contracts/-/contracts-4.9.6.tgz",
      "integrity": "sha512-xSmezSupL+y9VkHZJGDoCBpmnB2ogM13ccaYDWqJTfS3dbuHkgjuwDFUmaFauBCboQMGB/S5UqUl2y54X99BmA=="
    },
    "bytes-array.sol": {
      "version": "1.0.2",
      "resolved": "https://registry.npmjs.org/bytes-array.sol/-/bytes-array.sol-1.0.2.tgz",
      "integrity": "sha512-bxsuMEB9Ofq4gbnFpoBNspiM96hBNxYW1ZQ45++ddwKFxFdLRKn5AJ9ocQJ1w+kipSYobg4MXNEPsUzBNEKGig=="
    },
    "trigonometry.sol": {
      "version": "1.0.1",
      "resolved": "https://registry.npmjs.org/trigonometry.sol/-/trigonometry.sol-1.0.1.tgz",
      "integrity": "sha512-9mO/wDOjvhz0BsJCbEeC1FOen1riLuduAWdavUgqq8BK8EPDX9hEVdLzZPhSzrv5lM79omRzymXf3Kp43UeDjg=="
    }
  }
}
