{
  "name": "fully-on-chain.sol",
  "version": "1.0.1",
  "lockfileVersion": 2,
  "requires": true,
  "packages": {
    "": {
      "name": "fully-on-chain.sol",
      "version": "1.0.1",
      "license": "MIT",
      "dependencies": {
        "@openzeppelin/contracts": "^4.7.3",
        "bytes-array.sol": "^1.0.2",
        "trigonometry.sol": "^1.0.1"
      }
    },
    "node_modules/@openzeppelin/contracts": {
      "version": "4.7.3",
      "resolved": "https://registry.npmjs.org/@openzeppelin/contracts/-/contracts-4.7.3.tgz",
      "integrity": "sha512-dGRS0agJzu8ybo44pCIf3xBaPQN/65AIXNgK8+4gzKd5kbvlqyxryUYVLJv7fK98Seyd2hDZzVEHSWAh0Bt1Yw=="
    },
    "node_modules/bytes-array.sol": {
      "version": "1.0.2",
      "resolved": "https://registry.npmjs.org/bytes-array.sol/-/bytes-array.sol-1.0.2.tgz",
      "integrity": "sha512-bxsuMEB9Ofq4gbnFpoBNspiM96hBNxYW1ZQ45++ddwKFxFdLRKn5AJ9ocQJ1w+kipSYobg4MXNEPsUzBNEKGig=="
    },
    "node_modules/trigonometry.sol": {
      "version": "1.0.1",
      "resolved": "https://registry.npmjs.org/trigonometry.sol/-/trigonometry.sol-1.0.1.tgz",
      "integrity": "sha512-9mO/wDOjvhz0BsJCbEeC1FOen1riLuduAWdavUgqq8BK8EPDX9hEVdLzZPhSzrv5lM79omRzymXf3Kp43UeDjg=="
    }
  },
  "dependencies": {
    "@openzeppelin/contracts": {
      "version": "4.7.3",
      "resolved": "https://registry.npmjs.org/@openzeppelin/contracts/-/contracts-4.7.3.tgz",
      "integrity": "sha512-dGRS0agJzu8ybo44pCIf3xBaPQN/65AIXNgK8+4gzKd5kbvlqyxryUYVLJv7fK98Seyd2hDZzVEHSWAh0Bt1Yw=="
    },
    "bytes-array.sol": {
      "version": "1.0.2",
      "resolved": "https://registry.npmjs.org/bytes-array.sol/-/bytes-array.sol-1.0.2.tgz",
      "integrity": "sha512-bxsuMEB9Ofq4gbnFpoBNspiM96hBNxYW1ZQ45++ddwKFxFdLRKn5AJ9ocQJ1w+kipSYobg4MXNEPsUzBNEKGig=="
    },
    "trigonometry.sol": {
      "version": "1.0.1",
      "resolved": "https://registry.npmjs.org/trigonometry.sol/-/trigonometry.sol-1.0.1.tgz",
      "integrity": "sha512-9mO/wDOjvhz0BsJCbEeC1FOen1riLuduAWdavUgqq8BK8EPDX9hEVdLzZPhSzrv5lM79omRzymXf3Kp43UeDjg=="
    }
  }
}
